
Microsoft Visual Studio Solution File, Format Version 12.00
# Visual Studio Version 17
VisualStudioVersion = 17.14.36212.18 d17.14
MinimumVisualStudioVersion = 10.0.40219.1
Project("{FAE04EC0-301F-11D3-BF4B-00C04F79EFBC}") = "Constructorsnew", "Constructorsnew\Constructorsnew.csproj", "{2FF6EF47-D1BE-4C65-B6B8-D46C6CA40BDC}"
EndProject
Global
	GlobalSection(SolutionConfigurationPlatforms) = preSolution
		Debug|Any CPU = Debug|Any CPU
		Release|Any CPU = Release|Any CPU
	EndGlobalSection
	GlobalSection(ProjectConfigurationPlatforms) = postSolution
		{2FF6EF47-D1BE-4C65-B6B8-D46C6CA40BDC}.Debug|Any CPU.ActiveCfg = Debug|Any CPU
		{2FF6EF47-D1BE-4C65-B6B8-D46C6CA40BDC}.Debug|Any CPU.Build.0 = Debug|Any CPU
		{2FF6EF47-D1BE-4C65-B6B8-D46C6CA40BDC}.Release|Any CPU.ActiveCfg = Release|Any CPU
		{2FF6EF47-D1BE-4C65-B6B8-D46C6CA40BDC}.Release|Any CPU.Build.0 = Release|Any CPU
	EndGlobalSection
	GlobalSection(SolutionProperties) = preSolution
		HideSolutionNode = FALSE
	EndGlobalSection
	GlobalSection(ExtensibilityGlobals) = postSolution
		SolutionGuid = {C21FB82A-5CE9-494E-90A1-A77C6FEC39A4}
	EndGlobalSection
EndGlobal
